// !$*UTF8*$!
{
	archiveVersion = 1;
	classes = {
	};
	objectVersion = 56;
	objects = {

/* Begin PBXBuildFile section */
		F10F94262CD45849007EE947 /* FilterPrice.swift in Sources */ = {isa = PBXBuildFile; fileRef = F10F94252CD45849007EE947 /* FilterPrice.swift */; };
		F113E9582CB4986A0057CF90 /* FlightCard.swift in Sources */ = {isa = PBXBuildFile; fileRef = F113E9572CB4986A0057CF90 /* FlightCard.swift */; };
		F11640112C8A8A2F0040C95D /* CaminoApp.swift in Sources */ = {isa = PBXBuildFile; fileRef = F11640102C8A8A2F0040C95D /* CaminoApp.swift */; };
		F11640132C8A8A2F0040C95D /* ContentView.swift in Sources */ = {isa = PBXBuildFile; fileRef = F11640122C8A8A2F0040C95D /* ContentView.swift */; };
		F11640152C8A8A300040C95D /* Assets.xcassets in Resources */ = {isa = PBXBuildFile; fileRef = F11640142C8A8A300040C95D /* Assets.xcassets */; };
		F11640182C8A8A300040C95D /* Preview Assets.xcassets in Resources */ = {isa = PBXBuildFile; fileRef = F11640172C8A8A300040C95D /* Preview Assets.xcassets */; };
		F11640202C8AAA610040C95D /* ExploreView.swift in Sources */ = {isa = PBXBuildFile; fileRef = F116401F2C8AAA610040C95D /* ExploreView.swift */; };
		F11640222C8BA8270040C95D /* TripsView.swift in Sources */ = {isa = PBXBuildFile; fileRef = F11640212C8BA8270040C95D /* TripsView.swift */; };
		F11640242C8BAD140040C95D /* ExplorePills.swift in Sources */ = {isa = PBXBuildFile; fileRef = F11640232C8BAD140040C95D /* ExplorePills.swift */; };
		F11640262C8BB4F00040C95D /* ExploreRow.swift in Sources */ = {isa = PBXBuildFile; fileRef = F11640252C8BB4F00040C95D /* ExploreRow.swift */; };
		F11640282C8BEABD0040C95D /* CustomClasses.swift in Sources */ = {isa = PBXBuildFile; fileRef = F11640272C8BEABD0040C95D /* CustomClasses.swift */; };
		F116402C2C8C274E0040C95D /* ExploreHeader.swift in Sources */ = {isa = PBXBuildFile; fileRef = F116402B2C8C274E0040C95D /* ExploreHeader.swift */; };
		F116402E2C8C2F3E0040C95D /* PlaceCard.swift in Sources */ = {isa = PBXBuildFile; fileRef = F116402D2C8C2F3E0040C95D /* PlaceCard.swift */; };
		F117149C2D1253B0007A0052 /* CaminoButton.swift in Sources */ = {isa = PBXBuildFile; fileRef = F117149B2D1253B0007A0052 /* CaminoButton.swift */; };
		F117149E2D126787007A0052 /* TranslucentBackButton.swift in Sources */ = {isa = PBXBuildFile; fileRef = F117149D2D126787007A0052 /* TranslucentBackButton.swift */; };
		F11714A02D126C90007A0052 /* CaminoSearchBar.swift in Sources */ = {isa = PBXBuildFile; fileRef = F117149F2D126C90007A0052 /* CaminoSearchBar.swift */; };
		F11714A32D1274DA007A0052 /* FilterSheet.swift in Sources */ = {isa = PBXBuildFile; fileRef = F11714A22D1274DA007A0052 /* FilterSheet.swift */; };
		F13186292CB1EBD9003DBCC5 /* ProfileView.swift in Sources */ = {isa = PBXBuildFile; fileRef = F13186282CB1EBD9003DBCC5 /* ProfileView.swift */; };
		F131862E2CB2E5D5003DBCC5 /* MapCard.swift in Sources */ = {isa = PBXBuildFile; fileRef = F131862D2CB2E5D5003DBCC5 /* MapCard.swift */; };
		F13186302CB2F03E003DBCC5 /* FlightsView.swift in Sources */ = {isa = PBXBuildFile; fileRef = F131862F2CB2F03E003DBCC5 /* FlightsView.swift */; };
		F13186322CB2F198003DBCC5 /* LineItem.swift in Sources */ = {isa = PBXBuildFile; fileRef = F13186312CB2F198003DBCC5 /* LineItem.swift */; };
		F1659C012CBF252400586212 /* FilterAirlines.swift in Sources */ = {isa = PBXBuildFile; fileRef = F1659C002CBF252400586212 /* FilterAirlines.swift */; };
		F1659C052CC1E99800586212 /* FlightsResponse.swift in Sources */ = {isa = PBXBuildFile; fileRef = F1659C042CC1E99800586212 /* FlightsResponse.swift */; };
		F176C9262CB5E7F9006BAE35 /* FlightFilters.swift in Sources */ = {isa = PBXBuildFile; fileRef = F176C9252CB5E7F9006BAE35 /* FlightFilters.swift */; };
		F18075292D04F2C300D67622 /* LoadingView.swift in Sources */ = {isa = PBXBuildFile; fileRef = F18075282D04F2C300D67622 /* LoadingView.swift */; };
		F180752B2D04FF2B00D67622 /* ErrorView.swift in Sources */ = {isa = PBXBuildFile; fileRef = F180752A2D04FF2B00D67622 /* ErrorView.swift */; };
		F180752D2D052E3F00D67622 /* CircleLoadingView.swift in Sources */ = {isa = PBXBuildFile; fileRef = F180752C2D052E3F00D67622 /* CircleLoadingView.swift */; };
		F18075312D0568DA00D67622 /* PriceInsightsCard.swift in Sources */ = {isa = PBXBuildFile; fileRef = F18075302D0568DA00D67622 /* PriceInsightsCard.swift */; };
		F181551C2C8CEA2800E25003 /* ConcertCard.swift in Sources */ = {isa = PBXBuildFile; fileRef = F181551B2C8CEA2800E25003 /* ConcertCard.swift */; };
		F181551F2C8D5D1F00E25003 /* ConcertView.swift in Sources */ = {isa = PBXBuildFile; fileRef = F181551E2C8D5D1F00E25003 /* ConcertView.swift */; };
		F18155212C8EB35A00E25003 /* ConcertsResponse.swift in Sources */ = {isa = PBXBuildFile; fileRef = F18155202C8EB35A00E25003 /* ConcertsResponse.swift */; };
		F18C460E2CC5B30D00756472 /* TimeUtil.swift in Sources */ = {isa = PBXBuildFile; fileRef = F18C460D2CC5B30D00756472 /* TimeUtil.swift */; };
		F18DE23F2CFAACC600C4D1B5 /* FilterTime.swift in Sources */ = {isa = PBXBuildFile; fileRef = F18DE23E2CFAACC600C4D1B5 /* FilterTime.swift */; };
		F18DE2412CFADDBD00C4D1B5 /* FlightDetailsView.swift in Sources */ = {isa = PBXBuildFile; fileRef = F18DE2402CFADDBD00C4D1B5 /* FlightDetailsView.swift */; };
		F18DE2452CFCB6AF00C4D1B5 /* sampleData.json in Resources */ = {isa = PBXBuildFile; fileRef = F18DE2442CFCB6A800C4D1B5 /* sampleData.json */; };
		F18DE2EC2CFD309500C4D1B5 /* FontExtensions.swift in Sources */ = {isa = PBXBuildFile; fileRef = F18DE2EB2CFD309200C4D1B5 /* FontExtensions.swift */; };
		F18DE2F22CFE745300C4D1B5 /* Outfit.ttf in Resources */ = {isa = PBXBuildFile; fileRef = F18DE2F12CFE745300C4D1B5 /* Outfit.ttf */; };
		F19900382CAB5C8300EE005F /* SportCard.swift in Sources */ = {isa = PBXBuildFile; fileRef = F19900372CAB5C8300EE005F /* SportCard.swift */; };
		F19C72672CC71C5E00390BD6 /* FlightsViewModel.swift in Sources */ = {isa = PBXBuildFile; fileRef = F19C72662CC71C5E00390BD6 /* FlightsViewModel.swift */; };
		F19C72692CC7249E00390BD6 /* ConcertViewModel.swift in Sources */ = {isa = PBXBuildFile; fileRef = F19C72682CC7249E00390BD6 /* ConcertViewModel.swift */; };
		F19C726B2CC726BD00390BD6 /* GlobalVars.swift in Sources */ = {isa = PBXBuildFile; fileRef = F19C726A2CC726B800390BD6 /* GlobalVars.swift */; };
		F19C726F2CCB27D900390BD6 /* HidingHeaderView.swift in Sources */ = {isa = PBXBuildFile; fileRef = F19C726E2CCB27D900390BD6 /* HidingHeaderView.swift */; };
		F19C72712CCB378700390BD6 /* FlightsHeader.swift in Sources */ = {isa = PBXBuildFile; fileRef = F19C72702CCB378700390BD6 /* FlightsHeader.swift */; };
		F19C72732CCB394300390BD6 /* FlightsFiltersBar.swift in Sources */ = {isa = PBXBuildFile; fileRef = F19C72722CCB394300390BD6 /* FlightsFiltersBar.swift */; };
		F19C72792CD0685300390BD6 /* SortFlights.swift in Sources */ = {isa = PBXBuildFile; fileRef = F19C72782CD0685300390BD6 /* SortFlights.swift */; };
		F19C727B2CD0691200390BD6 /* SortFlightsEnum.swift in Sources */ = {isa = PBXBuildFile; fileRef = F19C727A2CD0691200390BD6 /* SortFlightsEnum.swift */; };
		F19C727D2CD0808B00390BD6 /* FilterStopsEnum.swift in Sources */ = {isa = PBXBuildFile; fileRef = F19C727C2CD0808B00390BD6 /* FilterStopsEnum.swift */; };
		F19C727F2CD0837700390BD6 /* FilterStops.swift in Sources */ = {isa = PBXBuildFile; fileRef = F19C727E2CD0837700390BD6 /* FilterStops.swift */; };
		F19C72812CD089B800390BD6 /* FilterDuration.swift in Sources */ = {isa = PBXBuildFile; fileRef = F19C72802CD089B800390BD6 /* FilterDuration.swift */; };
		F19C72832CD092AC00390BD6 /* DurationRange.swift in Sources */ = {isa = PBXBuildFile; fileRef = F19C72822CD092A900390BD6 /* DurationRange.swift */; };
		F1A858662D0140F0009A37E8 /* AirportSearchResponse.swift in Sources */ = {isa = PBXBuildFile; fileRef = F1A858652D0140F0009A37E8 /* AirportSearchResponse.swift */; };
		F1A858682D0142C9009A37E8 /* AirportSearchViewModel.swift in Sources */ = {isa = PBXBuildFile; fileRef = F1A858672D0142C9009A37E8 /* AirportSearchViewModel.swift */; };
		F1A8586A2D027AF6009A37E8 /* AirportSearchView.swift in Sources */ = {isa = PBXBuildFile; fileRef = F1A858692D027AF6009A37E8 /* AirportSearchView.swift */; };
		F1CA04CB2CFFDEC3003C78AE /* EditFlightsSearch.swift in Sources */ = {isa = PBXBuildFile; fileRef = F1CA04CA2CFFDEC3003C78AE /* EditFlightsSearch.swift */; };
		F1CCE0D22CB0B96600D15696 /* ViewExtensions.swift in Sources */ = {isa = PBXBuildFile; fileRef = F1CCE0D12CB0B96600D15696 /* ViewExtensions.swift */; };
		F1DAE69A2CC34D4700901914 /* ApiResponse.swift in Sources */ = {isa = PBXBuildFile; fileRef = F1DAE6992CC34D4700901914 /* ApiResponse.swift */; };
		F1DAE69E2CC37F7F00901914 /* DateExtensions.swift in Sources */ = {isa = PBXBuildFile; fileRef = F1DAE69D2CC37F7F00901914 /* DateExtensions.swift */; };
		F1DAE6A02CC3849D00901914 /* ImageHeaderScrollView.swift in Sources */ = {isa = PBXBuildFile; fileRef = F1DAE69F2CC3849D00901914 /* ImageHeaderScrollView.swift */; };
		F1DAE6A22CC42EA500901914 /* ApiCalls.swift in Sources */ = {isa = PBXBuildFile; fileRef = F1DAE6A12CC42EA500901914 /* ApiCalls.swift */; };
		F1DD1EB52CEEB354004A9F0F /* SliderFilter.swift in Sources */ = {isa = PBXBuildFile; fileRef = F1DD1EB42CEEB354004A9F0F /* SliderFilter.swift */; };
		F1E786272CB300A200F4E462 /* HotelsView.swift in Sources */ = {isa = PBXBuildFile; fileRef = F1E786262CB300A200F4E462 /* HotelsView.swift */; };
		F1E786292CB36CAB00F4E462 /* SFSafariView.swift in Sources */ = {isa = PBXBuildFile; fileRef = F1E786282CB36CAB00F4E462 /* SFSafariView.swift */; };
		F1F3A6472D068C1C0042F4F2 /* PriceGraph.swift in Sources */ = {isa = PBXBuildFile; fileRef = F1F3A6462D068C1C0042F4F2 /* PriceGraph.swift */; };
		F1F3A6492D0694E50042F4F2 /* PriceHistorySheet.swift in Sources */ = {isa = PBXBuildFile; fileRef = F1F3A6482D0694E50042F4F2 /* PriceHistorySheet.swift */; };
		F1F3A64B2D0698850042F4F2 /* IntExtensions.swift in Sources */ = {isa = PBXBuildFile; fileRef = F1F3A64A2D0698850042F4F2 /* IntExtensions.swift */; };
/* End PBXBuildFile section */

/* Begin PBXFileReference section */
		F10F94252CD45849007EE947 /* FilterPrice.swift */ = {isa = PBXFileReference; lastKnownFileType = sourcecode.swift; path = FilterPrice.swift; sourceTree = "<group>"; };
		F113E9572CB4986A0057CF90 /* FlightCard.swift */ = {isa = PBXFileReference; lastKnownFileType = sourcecode.swift; path = FlightCard.swift; sourceTree = "<group>"; };
		F116400D2C8A8A2F0040C95D /* Camino.app */ = {isa = PBXFileReference; explicitFileType = wrapper.application; includeInIndex = 0; path = Camino.app; sourceTree = BUILT_PRODUCTS_DIR; };
		F11640102C8A8A2F0040C95D /* CaminoApp.swift */ = {isa = PBXFileReference; lastKnownFileType = sourcecode.swift; path = CaminoApp.swift; sourceTree = "<group>"; };
		F11640122C8A8A2F0040C95D /* ContentView.swift */ = {isa = PBXFileReference; lastKnownFileType = sourcecode.swift; path = ContentView.swift; sourceTree = "<group>"; };
		F11640142C8A8A300040C95D /* Assets.xcassets */ = {isa = PBXFileReference; lastKnownFileType = folder.assetcatalog; path = Assets.xcassets; sourceTree = "<group>"; };
		F11640172C8A8A300040C95D /* Preview Assets.xcassets */ = {isa = PBXFileReference; lastKnownFileType = folder.assetcatalog; path = "Preview Assets.xcassets"; sourceTree = "<group>"; };
		F116401F2C8AAA610040C95D /* ExploreView.swift */ = {isa = PBXFileReference; lastKnownFileType = sourcecode.swift; path = ExploreView.swift; sourceTree = "<group>"; };
		F11640212C8BA8270040C95D /* TripsView.swift */ = {isa = PBXFileReference; lastKnownFileType = sourcecode.swift; path = TripsView.swift; sourceTree = "<group>"; };
		F11640232C8BAD140040C95D /* ExplorePills.swift */ = {isa = PBXFileReference; lastKnownFileType = sourcecode.swift; path = ExplorePills.swift; sourceTree = "<group>"; };
		F11640252C8BB4F00040C95D /* ExploreRow.swift */ = {isa = PBXFileReference; lastKnownFileType = sourcecode.swift; path = ExploreRow.swift; sourceTree = "<group>"; };
		F11640272C8BEABD0040C95D /* CustomClasses.swift */ = {isa = PBXFileReference; lastKnownFileType = sourcecode.swift; path = CustomClasses.swift; sourceTree = "<group>"; };
		F116402B2C8C274E0040C95D /* ExploreHeader.swift */ = {isa = PBXFileReference; lastKnownFileType = sourcecode.swift; path = ExploreHeader.swift; sourceTree = "<group>"; };
		F116402D2C8C2F3E0040C95D /* PlaceCard.swift */ = {isa = PBXFileReference; lastKnownFileType = sourcecode.swift; path = PlaceCard.swift; sourceTree = "<group>"; };
		F117149B2D1253B0007A0052 /* CaminoButton.swift */ = {isa = PBXFileReference; lastKnownFileType = sourcecode.swift; path = CaminoButton.swift; sourceTree = "<group>"; };
		F117149D2D126787007A0052 /* TranslucentBackButton.swift */ = {isa = PBXFileReference; lastKnownFileType = sourcecode.swift; path = TranslucentBackButton.swift; sourceTree = "<group>"; };
		F117149F2D126C90007A0052 /* CaminoSearchBar.swift */ = {isa = PBXFileReference; lastKnownFileType = sourcecode.swift; path = CaminoSearchBar.swift; sourceTree = "<group>"; };
		F11714A22D1274DA007A0052 /* FilterSheet.swift */ = {isa = PBXFileReference; lastKnownFileType = sourcecode.swift; path = FilterSheet.swift; sourceTree = "<group>"; };
		F13186282CB1EBD9003DBCC5 /* ProfileView.swift */ = {isa = PBXFileReference; lastKnownFileType = sourcecode.swift; path = ProfileView.swift; sourceTree = "<group>"; };
		F131862D2CB2E5D5003DBCC5 /* MapCard.swift */ = {isa = PBXFileReference; lastKnownFileType = sourcecode.swift; path = MapCard.swift; sourceTree = "<group>"; };
		F131862F2CB2F03E003DBCC5 /* FlightsView.swift */ = {isa = PBXFileReference; lastKnownFileType = sourcecode.swift; path = FlightsView.swift; sourceTree = "<group>"; };
		F13186312CB2F198003DBCC5 /* LineItem.swift */ = {isa = PBXFileReference; lastKnownFileType = sourcecode.swift; path = LineItem.swift; sourceTree = "<group>"; };
		F1659C002CBF252400586212 /* FilterAirlines.swift */ = {isa = PBXFileReference; lastKnownFileType = sourcecode.swift; path = FilterAirlines.swift; sourceTree = "<group>"; };
		F1659C042CC1E99800586212 /* FlightsResponse.swift */ = {isa = PBXFileReference; lastKnownFileType = sourcecode.swift; path = FlightsResponse.swift; sourceTree = "<group>"; };
		F176C9252CB5E7F9006BAE35 /* FlightFilters.swift */ = {isa = PBXFileReference; lastKnownFileType = sourcecode.swift; path = FlightFilters.swift; sourceTree = "<group>"; };
		F18075282D04F2C300D67622 /* LoadingView.swift */ = {isa = PBXFileReference; lastKnownFileType = sourcecode.swift; path = LoadingView.swift; sourceTree = "<group>"; };
		F180752A2D04FF2B00D67622 /* ErrorView.swift */ = {isa = PBXFileReference; lastKnownFileType = sourcecode.swift; path = ErrorView.swift; sourceTree = "<group>"; };
		F180752C2D052E3F00D67622 /* CircleLoadingView.swift */ = {isa = PBXFileReference; lastKnownFileType = sourcecode.swift; path = CircleLoadingView.swift; sourceTree = "<group>"; };
		F18075302D0568DA00D67622 /* PriceInsightsCard.swift */ = {isa = PBXFileReference; lastKnownFileType = sourcecode.swift; path = PriceInsightsCard.swift; sourceTree = "<group>"; };
		F181551B2C8CEA2800E25003 /* ConcertCard.swift */ = {isa = PBXFileReference; lastKnownFileType = sourcecode.swift; path = ConcertCard.swift; sourceTree = "<group>"; };
		F181551E2C8D5D1F00E25003 /* ConcertView.swift */ = {isa = PBXFileReference; lastKnownFileType = sourcecode.swift; path = ConcertView.swift; sourceTree = "<group>"; };
		F18155202C8EB35A00E25003 /* ConcertsResponse.swift */ = {isa = PBXFileReference; lastKnownFileType = sourcecode.swift; path = ConcertsResponse.swift; sourceTree = "<group>"; };
		F18C460D2CC5B30D00756472 /* TimeUtil.swift */ = {isa = PBXFileReference; lastKnownFileType = sourcecode.swift; path = TimeUtil.swift; sourceTree = "<group>"; };
		F18DE23E2CFAACC600C4D1B5 /* FilterTime.swift */ = {isa = PBXFileReference; lastKnownFileType = sourcecode.swift; path = FilterTime.swift; sourceTree = "<group>"; };
		F18DE2402CFADDBD00C4D1B5 /* FlightDetailsView.swift */ = {isa = PBXFileReference; lastKnownFileType = sourcecode.swift; path = FlightDetailsView.swift; sourceTree = "<group>"; };
		F18DE2442CFCB6A800C4D1B5 /* sampleData.json */ = {isa = PBXFileReference; lastKnownFileType = text.json; path = sampleData.json; sourceTree = "<group>"; };
		F18DE2EB2CFD309200C4D1B5 /* FontExtensions.swift */ = {isa = PBXFileReference; lastKnownFileType = sourcecode.swift; path = FontExtensions.swift; sourceTree = "<group>"; };
		F18DE2F12CFE745300C4D1B5 /* Outfit.ttf */ = {isa = PBXFileReference; lastKnownFileType = file; path = Outfit.ttf; sourceTree = "<group>"; };
		F19900372CAB5C8300EE005F /* SportCard.swift */ = {isa = PBXFileReference; lastKnownFileType = sourcecode.swift; path = SportCard.swift; sourceTree = "<group>"; };
		F199FFF62CAA3A6E00EE005F /* Info.plist */ = {isa = PBXFileReference; lastKnownFileType = text.plist; path = Info.plist; sourceTree = "<group>"; };
		F19C72662CC71C5E00390BD6 /* FlightsViewModel.swift */ = {isa = PBXFileReference; lastKnownFileType = sourcecode.swift; path = FlightsViewModel.swift; sourceTree = "<group>"; };
		F19C72682CC7249E00390BD6 /* ConcertViewModel.swift */ = {isa = PBXFileReference; lastKnownFileType = sourcecode.swift; path = ConcertViewModel.swift; sourceTree = "<group>"; };
		F19C726A2CC726B800390BD6 /* GlobalVars.swift */ = {isa = PBXFileReference; lastKnownFileType = sourcecode.swift; path = GlobalVars.swift; sourceTree = "<group>"; };
		F19C726E2CCB27D900390BD6 /* HidingHeaderView.swift */ = {isa = PBXFileReference; lastKnownFileType = sourcecode.swift; path = HidingHeaderView.swift; sourceTree = "<group>"; };
		F19C72702CCB378700390BD6 /* FlightsHeader.swift */ = {isa = PBXFileReference; lastKnownFileType = sourcecode.swift; path = FlightsHeader.swift; sourceTree = "<group>"; };
		F19C72722CCB394300390BD6 /* FlightsFiltersBar.swift */ = {isa = PBXFileReference; lastKnownFileType = sourcecode.swift; path = FlightsFiltersBar.swift; sourceTree = "<group>"; };
		F19C72782CD0685300390BD6 /* SortFlights.swift */ = {isa = PBXFileReference; lastKnownFileType = sourcecode.swift; path = SortFlights.swift; sourceTree = "<group>"; };
		F19C727A2CD0691200390BD6 /* SortFlightsEnum.swift */ = {isa = PBXFileReference; lastKnownFileType = sourcecode.swift; path = SortFlightsEnum.swift; sourceTree = "<group>"; };
		F19C727C2CD0808B00390BD6 /* FilterStopsEnum.swift */ = {isa = PBXFileReference; lastKnownFileType = sourcecode.swift; path = FilterStopsEnum.swift; sourceTree = "<group>"; };
		F19C727E2CD0837700390BD6 /* FilterStops.swift */ = {isa = PBXFileReference; lastKnownFileType = sourcecode.swift; path = FilterStops.swift; sourceTree = "<group>"; };
		F19C72802CD089B800390BD6 /* FilterDuration.swift */ = {isa = PBXFileReference; lastKnownFileType = sourcecode.swift; path = FilterDuration.swift; sourceTree = "<group>"; };
		F19C72822CD092A900390BD6 /* DurationRange.swift */ = {isa = PBXFileReference; lastKnownFileType = sourcecode.swift; path = DurationRange.swift; sourceTree = "<group>"; };
		F1A858652D0140F0009A37E8 /* AirportSearchResponse.swift */ = {isa = PBXFileReference; lastKnownFileType = sourcecode.swift; path = AirportSearchResponse.swift; sourceTree = "<group>"; };
		F1A858672D0142C9009A37E8 /* AirportSearchViewModel.swift */ = {isa = PBXFileReference; lastKnownFileType = sourcecode.swift; path = AirportSearchViewModel.swift; sourceTree = "<group>"; };
		F1A858692D027AF6009A37E8 /* AirportSearchView.swift */ = {isa = PBXFileReference; lastKnownFileType = sourcecode.swift; path = AirportSearchView.swift; sourceTree = "<group>"; };
		F1CA04CA2CFFDEC3003C78AE /* EditFlightsSearch.swift */ = {isa = PBXFileReference; lastKnownFileType = sourcecode.swift; path = EditFlightsSearch.swift; sourceTree = "<group>"; };
		F1CCE0D12CB0B96600D15696 /* ViewExtensions.swift */ = {isa = PBXFileReference; lastKnownFileType = sourcecode.swift; path = ViewExtensions.swift; sourceTree = "<group>"; };
		F1DAE6992CC34D4700901914 /* ApiResponse.swift */ = {isa = PBXFileReference; lastKnownFileType = sourcecode.swift; path = ApiResponse.swift; sourceTree = "<group>"; };
		F1DAE69D2CC37F7F00901914 /* DateExtensions.swift */ = {isa = PBXFileReference; lastKnownFileType = sourcecode.swift; path = DateExtensions.swift; sourceTree = "<group>"; };
		F1DAE69F2CC3849D00901914 /* ImageHeaderScrollView.swift */ = {isa = PBXFileReference; lastKnownFileType = sourcecode.swift; path = ImageHeaderScrollView.swift; sourceTree = "<group>"; };
		F1DAE6A12CC42EA500901914 /* ApiCalls.swift */ = {isa = PBXFileReference; lastKnownFileType = sourcecode.swift; path = ApiCalls.swift; sourceTree = "<group>"; };
		F1DD1EB42CEEB354004A9F0F /* SliderFilter.swift */ = {isa = PBXFileReference; lastKnownFileType = sourcecode.swift; path = SliderFilter.swift; sourceTree = "<group>"; };
		F1E786262CB300A200F4E462 /* HotelsView.swift */ = {isa = PBXFileReference; lastKnownFileType = sourcecode.swift; path = HotelsView.swift; sourceTree = "<group>"; };
		F1E786282CB36CAB00F4E462 /* SFSafariView.swift */ = {isa = PBXFileReference; lastKnownFileType = sourcecode.swift; path = SFSafariView.swift; sourceTree = "<group>"; };
		F1F3A6462D068C1C0042F4F2 /* PriceGraph.swift */ = {isa = PBXFileReference; lastKnownFileType = sourcecode.swift; path = PriceGraph.swift; sourceTree = "<group>"; };
		F1F3A6482D0694E50042F4F2 /* PriceHistorySheet.swift */ = {isa = PBXFileReference; lastKnownFileType = sourcecode.swift; path = PriceHistorySheet.swift; sourceTree = "<group>"; };
		F1F3A64A2D0698850042F4F2 /* IntExtensions.swift */ = {isa = PBXFileReference; lastKnownFileType = sourcecode.swift; path = IntExtensions.swift; sourceTree = "<group>"; };
/* End PBXFileReference section */

/* Begin PBXFrameworksBuildPhase section */
		F116400A2C8A8A2F0040C95D /* Frameworks */ = {
			isa = PBXFrameworksBuildPhase;
			buildActionMask = 2147483647;
			files = (
			);
			runOnlyForDeploymentPostprocessing = 0;
		};
/* End PBXFrameworksBuildPhase section */

/* Begin PBXGroup section */
		F11640042C8A8A2F0040C95D = {
			isa = PBXGroup;
			children = (
				F116400F2C8A8A2F0040C95D /* Camino */,
				F116400E2C8A8A2F0040C95D /* Products */,
			);
			sourceTree = "<group>";
		};
		F116400E2C8A8A2F0040C95D /* Products */ = {
			isa = PBXGroup;
			children = (
				F116400D2C8A8A2F0040C95D /* Camino.app */,
			);
			name = Products;
			sourceTree = "<group>";
		};
		F116400F2C8A8A2F0040C95D /* Camino */ = {
			isa = PBXGroup;
			children = (
				F199FFF62CAA3A6E00EE005F /* Info.plist */,
				F11640142C8A8A300040C95D /* Assets.xcassets */,
				F11640102C8A8A2F0040C95D /* CaminoApp.swift */,
				F11640122C8A8A2F0040C95D /* ContentView.swift */,
				F19C72622CC71B7500390BD6 /* Views */,
				F19C72632CC71B8B00390BD6 /* Extensions */,
				F19C72642CC71BC200390BD6 /* Utils */,
				F19C72652CC71BF700390BD6 /* Models */,
				F19C72742CCB3F4400390BD6 /* Components */,
				F19C726A2CC726B800390BD6 /* GlobalVars.swift */,
				F1DAE6A12CC42EA500901914 /* ApiCalls.swift */,
				F1A858672D0142C9009A37E8 /* AirportSearchViewModel.swift */,
				F11714A12D127278007A0052 /* Enums */,
				F11640272C8BEABD0040C95D /* CustomClasses.swift */,
				F18DE2442CFCB6A800C4D1B5 /* sampleData.json */,
				F18DE2F12CFE745300C4D1B5 /* Outfit.ttf */,
				F11640162C8A8A300040C95D /* Preview Content */,
			);
			path = Camino;
			sourceTree = "<group>";
		};
		F11640162C8A8A300040C95D /* Preview Content */ = {
			isa = PBXGroup;
			children = (
				F11640172C8A8A300040C95D /* Preview Assets.xcassets */,
			);
			path = "Preview Content";
			sourceTree = "<group>";
		};
		F116401E2C8AAA2C0040C95D /* BottomTabs */ = {
			isa = PBXGroup;
			children = (
				F116401F2C8AAA610040C95D /* ExploreView.swift */,
				F11640212C8BA8270040C95D /* TripsView.swift */,
				F13186282CB1EBD9003DBCC5 /* ProfileView.swift */,
			);
			path = BottomTabs;
			sourceTree = "<group>";
		};
		F11714A12D127278007A0052 /* Enums */ = {
			isa = PBXGroup;
			children = (
				F176C9252CB5E7F9006BAE35 /* FlightFilters.swift */,
				F19C727A2CD0691200390BD6 /* SortFlightsEnum.swift */,
				F19C727C2CD0808B00390BD6 /* FilterStopsEnum.swift */,
			);
			path = Enums;
			sourceTree = "<group>";
		};
		F131862C2CB26255003DBCC5 /* Cards */ = {
			isa = PBXGroup;
			children = (
				F116402D2C8C2F3E0040C95D /* PlaceCard.swift */,
				F181551B2C8CEA2800E25003 /* ConcertCard.swift */,
				F19900372CAB5C8300EE005F /* SportCard.swift */,
				F131862D2CB2E5D5003DBCC5 /* MapCard.swift */,
				F113E9572CB4986A0057CF90 /* FlightCard.swift */,
				F18075302D0568DA00D67622 /* PriceInsightsCard.swift */,
			);
			path = Cards;
			sourceTree = "<group>";
		};
		F181551D2C8D5CE300E25003 /* Explore */ = {
			isa = PBXGroup;
			children = (
				F116402B2C8C274E0040C95D /* ExploreHeader.swift */,
				F11640232C8BAD140040C95D /* ExplorePills.swift */,
				F11640252C8BB4F00040C95D /* ExploreRow.swift */,
			);
			path = Explore;
			sourceTree = "<group>";
		};
		F18DE23D2CFA8D3B00C4D1B5 /* Common */ = {
			isa = PBXGroup;
			children = (
				F11714A22D1274DA007A0052 /* FilterSheet.swift */,
				F1F3A6482D0694E50042F4F2 /* PriceHistorySheet.swift */,
				F1DD1EB42CEEB354004A9F0F /* SliderFilter.swift */,
				F13186312CB2F198003DBCC5 /* LineItem.swift */,
				F18075282D04F2C300D67622 /* LoadingView.swift */,
				F180752A2D04FF2B00D67622 /* ErrorView.swift */,
				F180752C2D052E3F00D67622 /* CircleLoadingView.swift */,
				F117149B2D1253B0007A0052 /* CaminoButton.swift */,
				F117149D2D126787007A0052 /* TranslucentBackButton.swift */,
				F117149F2D126C90007A0052 /* CaminoSearchBar.swift */,
			);
			path = Common;
			sourceTree = "<group>";
		};
		F19C72622CC71B7500390BD6 /* Views */ = {
			isa = PBXGroup;
			children = (
				F116401E2C8AAA2C0040C95D /* BottomTabs */,
				F19C726C2CC7496200390BD6 /* Concert */,
				F19C726D2CC7498E00390BD6 /* Flights */,
				F1E786262CB300A200F4E462 /* HotelsView.swift */,
			);
			path = Views;
			sourceTree = "<group>";
		};
		F19C72632CC71B8B00390BD6 /* Extensions */ = {
			isa = PBXGroup;
			children = (
				F18DE2EB2CFD309200C4D1B5 /* FontExtensions.swift */,
				F1F3A64A2D0698850042F4F2 /* IntExtensions.swift */,
				F1DAE69D2CC37F7F00901914 /* DateExtensions.swift */,
				F1CCE0D12CB0B96600D15696 /* ViewExtensions.swift */,
			);
			path = Extensions;
			sourceTree = "<group>";
		};
		F19C72642CC71BC200390BD6 /* Utils */ = {
			isa = PBXGroup;
			children = (
				F18C460D2CC5B30D00756472 /* TimeUtil.swift */,
			);
			path = Utils;
			sourceTree = "<group>";
		};
		F19C72652CC71BF700390BD6 /* Models */ = {
			isa = PBXGroup;
			children = (
				F1DAE6992CC34D4700901914 /* ApiResponse.swift */,
				F19C72822CD092A900390BD6 /* DurationRange.swift */,
				F18155202C8EB35A00E25003 /* ConcertsResponse.swift */,
				F1659C042CC1E99800586212 /* FlightsResponse.swift */,
				F1A858652D0140F0009A37E8 /* AirportSearchResponse.swift */,
			);
			path = Models;
			sourceTree = "<group>";
		};
		F19C726C2CC7496200390BD6 /* Concert */ = {
			isa = PBXGroup;
			children = (
				F181551E2C8D5D1F00E25003 /* ConcertView.swift */,
				F19C72682CC7249E00390BD6 /* ConcertViewModel.swift */,
			);
			path = Concert;
			sourceTree = "<group>";
		};
		F19C726D2CC7498E00390BD6 /* Flights */ = {
			isa = PBXGroup;
			children = (
				F131862F2CB2F03E003DBCC5 /* FlightsView.swift */,
				F19C72662CC71C5E00390BD6 /* FlightsViewModel.swift */,
				F18DE2402CFADDBD00C4D1B5 /* FlightDetailsView.swift */,
			);
			path = Flights;
			sourceTree = "<group>";
		};
		F19C72742CCB3F4400390BD6 /* Components */ = {
			isa = PBXGroup;
			children = (
				F18DE23D2CFA8D3B00C4D1B5 /* Common */,
				F131862C2CB26255003DBCC5 /* Cards */,
				F19C72772CCB3FC400390BD6 /* TemplateViews */,
				F181551D2C8D5CE300E25003 /* Explore */,
				F19C72762CCB3F7E00390BD6 /* Flights */,
			);
			path = Components;
			sourceTree = "<group>";
		};
		F19C72762CCB3F7E00390BD6 /* Flights */ = {
			isa = PBXGroup;
			children = (
				F19C72702CCB378700390BD6 /* FlightsHeader.swift */,
				F19C72722CCB394300390BD6 /* FlightsFiltersBar.swift */,
				F19C72782CD0685300390BD6 /* SortFlights.swift */,
				F1659C002CBF252400586212 /* FilterAirlines.swift */,
				F19C727E2CD0837700390BD6 /* FilterStops.swift */,
				F19C72802CD089B800390BD6 /* FilterDuration.swift */,
				F10F94252CD45849007EE947 /* FilterPrice.swift */,
				F18DE23E2CFAACC600C4D1B5 /* FilterTime.swift */,
				F1CA04CA2CFFDEC3003C78AE /* EditFlightsSearch.swift */,
				F1A858692D027AF6009A37E8 /* AirportSearchView.swift */,
				F1F3A6462D068C1C0042F4F2 /* PriceGraph.swift */,
			);
			path = Flights;
			sourceTree = "<group>";
		};
		F19C72772CCB3FC400390BD6 /* TemplateViews */ = {
			isa = PBXGroup;
			children = (
				F1DAE69F2CC3849D00901914 /* ImageHeaderScrollView.swift */,
				F19C726E2CCB27D900390BD6 /* HidingHeaderView.swift */,
				F1E786282CB36CAB00F4E462 /* SFSafariView.swift */,
			);
			path = TemplateViews;
			sourceTree = "<group>";
		};
/* End PBXGroup section */

/* Begin PBXNativeTarget section */
		F116400C2C8A8A2F0040C95D /* Camino */ = {
			isa = PBXNativeTarget;
			buildConfigurationList = F116401B2C8A8A300040C95D /* Build configuration list for PBXNativeTarget "Camino" */;
			buildPhases = (
				F11640092C8A8A2F0040C95D /* Sources */,
				F116400A2C8A8A2F0040C95D /* Frameworks */,
				F116400B2C8A8A2F0040C95D /* Resources */,
			);
			buildRules = (
			);
			dependencies = (
			);
			name = Camino;
			productName = Camino;
			productReference = F116400D2C8A8A2F0040C95D /* Camino.app */;
			productType = "com.apple.product-type.application";
		};
/* End PBXNativeTarget section */

/* Begin PBXProject section */
		F11640052C8A8A2F0040C95D /* Project object */ = {
			isa = PBXProject;
			attributes = {
				BuildIndependentTargetsInParallel = 1;
				LastSwiftUpdateCheck = 1540;
				LastUpgradeCheck = 1540;
				TargetAttributes = {
					F116400C2C8A8A2F0040C95D = {
						CreatedOnToolsVersion = 15.4;
					};
				};
			};
			buildConfigurationList = F11640082C8A8A2F0040C95D /* Build configuration list for PBXProject "Camino" */;
			compatibilityVersion = "Xcode 14.0";
			developmentRegion = en;
			hasScannedForEncodings = 0;
			knownRegions = (
				en,
				Base,
			);
			mainGroup = F11640042C8A8A2F0040C95D;
			productRefGroup = F116400E2C8A8A2F0040C95D /* Products */;
			projectDirPath = "";
			projectRoot = "";
			targets = (
				F116400C2C8A8A2F0040C95D /* Camino */,
			);
		};
/* End PBXProject section */

/* Begin PBXResourcesBuildPhase section */
		F116400B2C8A8A2F0040C95D /* Resources */ = {
			isa = PBXResourcesBuildPhase;
			buildActionMask = 2147483647;
			files = (
				F11640182C8A8A300040C95D /* Preview Assets.xcassets in Resources */,
				F11640152C8A8A300040C95D /* Assets.xcassets in Resources */,
				F18DE2F22CFE745300C4D1B5 /* Outfit.ttf in Resources */,
				F18DE2452CFCB6AF00C4D1B5 /* sampleData.json in Resources */,
			);
			runOnlyForDeploymentPostprocessing = 0;
		};
/* End PBXResourcesBuildPhase section */

/* Begin PBXSourcesBuildPhase section */
		F11640092C8A8A2F0040C95D /* Sources */ = {
			isa = PBXSourcesBuildPhase;
			buildActionMask = 2147483647;
			files = (
				F19C72692CC7249E00390BD6 /* ConcertViewModel.swift in Sources */,
				F1F3A6472D068C1C0042F4F2 /* PriceGraph.swift in Sources */,
				F1DAE69E2CC37F7F00901914 /* DateExtensions.swift in Sources */,
				F1F3A64B2D0698850042F4F2 /* IntExtensions.swift in Sources */,
				F176C9262CB5E7F9006BAE35 /* FlightFilters.swift in Sources */,
				F116402C2C8C274E0040C95D /* ExploreHeader.swift in Sources */,
				F1659C052CC1E99800586212 /* FlightsResponse.swift in Sources */,
				F18155212C8EB35A00E25003 /* ConcertsResponse.swift in Sources */,
				F19C726B2CC726BD00390BD6 /* GlobalVars.swift in Sources */,
				F11640132C8A8A2F0040C95D /* ContentView.swift in Sources */,
				F1DAE69A2CC34D4700901914 /* ApiResponse.swift in Sources */,
				F1DAE6A22CC42EA500901914 /* ApiCalls.swift in Sources */,
				F131862E2CB2E5D5003DBCC5 /* MapCard.swift in Sources */,
				F180752B2D04FF2B00D67622 /* ErrorView.swift in Sources */,
				F1DAE6A02CC3849D00901914 /* ImageHeaderScrollView.swift in Sources */,
				F1DD1EB52CEEB354004A9F0F /* SliderFilter.swift in Sources */,
				F181551C2C8CEA2800E25003 /* ConcertCard.swift in Sources */,
				F181551F2C8D5D1F00E25003 /* ConcertView.swift in Sources */,
				F18C460E2CC5B30D00756472 /* TimeUtil.swift in Sources */,
				F18075312D0568DA00D67622 /* PriceInsightsCard.swift in Sources */,
				F19C72672CC71C5E00390BD6 /* FlightsViewModel.swift in Sources */,
				F1E786292CB36CAB00F4E462 /* SFSafariView.swift in Sources */,
				F11640202C8AAA610040C95D /* ExploreView.swift in Sources */,
				F11640282C8BEABD0040C95D /* CustomClasses.swift in Sources */,
				F18075292D04F2C300D67622 /* LoadingView.swift in Sources */,
				F180752D2D052E3F00D67622 /* CircleLoadingView.swift in Sources */,
				F19C72712CCB378700390BD6 /* FlightsHeader.swift in Sources */,
				F18DE23F2CFAACC600C4D1B5 /* FilterTime.swift in Sources */,
				F10F94262CD45849007EE947 /* FilterPrice.swift in Sources */,
				F19C72732CCB394300390BD6 /* FlightsFiltersBar.swift in Sources */,
				F1A8586A2D027AF6009A37E8 /* AirportSearchView.swift in Sources */,
				F11640262C8BB4F00040C95D /* ExploreRow.swift in Sources */,
				F11640242C8BAD140040C95D /* ExplorePills.swift in Sources */,
				F1F3A6492D0694E50042F4F2 /* PriceHistorySheet.swift in Sources */,
				F11714A02D126C90007A0052 /* CaminoSearchBar.swift in Sources */,
				F117149E2D126787007A0052 /* TranslucentBackButton.swift in Sources */,
				F1659C012CBF252400586212 /* FilterAirlines.swift in Sources */,
				F19C72832CD092AC00390BD6 /* DurationRange.swift in Sources */,
				F1A858682D0142C9009A37E8 /* AirportSearchViewModel.swift in Sources */,
				F19C72792CD0685300390BD6 /* SortFlights.swift in Sources */,
				F19900382CAB5C8300EE005F /* SportCard.swift in Sources */,
				F19C727F2CD0837700390BD6 /* FilterStops.swift in Sources */,
				F113E9582CB4986A0057CF90 /* FlightCard.swift in Sources */,
				F116402E2C8C2F3E0040C95D /* PlaceCard.swift in Sources */,
				F117149C2D1253B0007A0052 /* CaminoButton.swift in Sources */,
				F1CCE0D22CB0B96600D15696 /* ViewExtensions.swift in Sources */,
				F19C727D2CD0808B00390BD6 /* FilterStopsEnum.swift in Sources */,
				F19C726F2CCB27D900390BD6 /* HidingHeaderView.swift in Sources */,
				F1E786272CB300A200F4E462 /* HotelsView.swift in Sources */,
				F19C72812CD089B800390BD6 /* FilterDuration.swift in Sources */,
				F13186302CB2F03E003DBCC5 /* FlightsView.swift in Sources */,
				F13186322CB2F198003DBCC5 /* LineItem.swift in Sources */,
				F1CA04CB2CFFDEC3003C78AE /* EditFlightsSearch.swift in Sources */,
				F18DE2412CFADDBD00C4D1B5 /* FlightDetailsView.swift in Sources */,
				F13186292CB1EBD9003DBCC5 /* ProfileView.swift in Sources */,
				F11640112C8A8A2F0040C95D /* CaminoApp.swift in Sources */,
				F1A858662D0140F0009A37E8 /* AirportSearchResponse.swift in Sources */,
				F19C727B2CD0691200390BD6 /* SortFlightsEnum.swift in Sources */,
				F18DE2EC2CFD309500C4D1B5 /* FontExtensions.swift in Sources */,
				F11640222C8BA8270040C95D /* TripsView.swift in Sources */,
				F11714A32D1274DA007A0052 /* FilterSheet.swift in Sources */,
			);
			runOnlyForDeploymentPostprocessing = 0;
		};
/* End PBXSourcesBuildPhase section */

/* Begin XCBuildConfiguration section */
		F11640192C8A8A300040C95D /* Debug */ = {
			isa = XCBuildConfiguration;
			buildSettings = {
				ALWAYS_SEARCH_USER_PATHS = NO;
				ASSETCATALOG_COMPILER_GENERATE_SWIFT_ASSET_SYMBOL_EXTENSIONS = YES;
				CLANG_ANALYZER_NONNULL = YES;
				CLANG_ANALYZER_NUMBER_OBJECT_CONVERSION = YES_AGGRESSIVE;
				CLANG_CXX_LANGUAGE_STANDARD = "gnu++20";
				CLANG_ENABLE_MODULES = YES;
				CLANG_ENABLE_OBJC_ARC = YES;
				CLANG_ENABLE_OBJC_WEAK = YES;
				CLANG_WARN_BLOCK_CAPTURE_AUTORELEASING = YES;
				CLANG_WARN_BOOL_CONVERSION = YES;
				CLANG_WARN_COMMA = YES;
				CLANG_WARN_CONSTANT_CONVERSION = YES;
				CLANG_WARN_DEPRECATED_OBJC_IMPLEMENTATIONS = YES;
				CLANG_WARN_DIRECT_OBJC_ISA_USAGE = YES_ERROR;
				CLANG_WARN_DOCUMENTATION_COMMENTS = YES;
				CLANG_WARN_EMPTY_BODY = YES;
				CLANG_WARN_ENUM_CONVERSION = YES;
				CLANG_WARN_INFINITE_RECURSION = YES;
				CLANG_WARN_INT_CONVERSION = YES;
				CLANG_WARN_NON_LITERAL_NULL_CONVERSION = YES;
				CLANG_WARN_OBJC_IMPLICIT_RETAIN_SELF = YES;
				CLANG_WARN_OBJC_LITERAL_CONVERSION = YES;
				CLANG_WARN_OBJC_ROOT_CLASS = YES_ERROR;
				CLANG_WARN_QUOTED_INCLUDE_IN_FRAMEWORK_HEADER = YES;
				CLANG_WARN_RANGE_LOOP_ANALYSIS = YES;
				CLANG_WARN_STRICT_PROTOTYPES = YES;
				CLANG_WARN_SUSPICIOUS_MOVE = YES;
				CLANG_WARN_UNGUARDED_AVAILABILITY = YES_AGGRESSIVE;
				CLANG_WARN_UNREACHABLE_CODE = YES;
				CLANG_WARN__DUPLICATE_METHOD_MATCH = YES;
				COPY_PHASE_STRIP = NO;
				DEBUG_INFORMATION_FORMAT = dwarf;
				ENABLE_STRICT_OBJC_MSGSEND = YES;
				ENABLE_TESTABILITY = YES;
				ENABLE_USER_SCRIPT_SANDBOXING = YES;
				GCC_C_LANGUAGE_STANDARD = gnu17;
				GCC_DYNAMIC_NO_PIC = NO;
				GCC_NO_COMMON_BLOCKS = YES;
				GCC_OPTIMIZATION_LEVEL = 0;
				GCC_PREPROCESSOR_DEFINITIONS = (
					"DEBUG=1",
					"$(inherited)",
				);
				GCC_WARN_64_TO_32_BIT_CONVERSION = YES;
				GCC_WARN_ABOUT_RETURN_TYPE = YES_ERROR;
				GCC_WARN_UNDECLARED_SELECTOR = YES;
				GCC_WARN_UNINITIALIZED_AUTOS = YES_AGGRESSIVE;
				GCC_WARN_UNUSED_FUNCTION = YES;
				GCC_WARN_UNUSED_VARIABLE = YES;
				IPHONEOS_DEPLOYMENT_TARGET = 17.5;
				LOCALIZATION_PREFERS_STRING_CATALOGS = YES;
				MTL_ENABLE_DEBUG_INFO = INCLUDE_SOURCE;
				MTL_FAST_MATH = YES;
				ONLY_ACTIVE_ARCH = YES;
				SDKROOT = iphoneos;
				SWIFT_ACTIVE_COMPILATION_CONDITIONS = "DEBUG $(inherited)";
				SWIFT_OPTIMIZATION_LEVEL = "-Onone";
			};
			name = Debug;
		};
		F116401A2C8A8A300040C95D /* Release */ = {
			isa = XCBuildConfiguration;
			buildSettings = {
				ALWAYS_SEARCH_USER_PATHS = NO;
				ASSETCATALOG_COMPILER_GENERATE_SWIFT_ASSET_SYMBOL_EXTENSIONS = YES;
				CLANG_ANALYZER_NONNULL = YES;
				CLANG_ANALYZER_NUMBER_OBJECT_CONVERSION = YES_AGGRESSIVE;
				CLANG_CXX_LANGUAGE_STANDARD = "gnu++20";
				CLANG_ENABLE_MODULES = YES;
				CLANG_ENABLE_OBJC_ARC = YES;
				CLANG_ENABLE_OBJC_WEAK = YES;
				CLANG_WARN_BLOCK_CAPTURE_AUTORELEASING = YES;
				CLANG_WARN_BOOL_CONVERSION = YES;
				CLANG_WARN_COMMA = YES;
				CLANG_WARN_CONSTANT_CONVERSION = YES;
				CLANG_WARN_DEPRECATED_OBJC_IMPLEMENTATIONS = YES;
				CLANG_WARN_DIRECT_OBJC_ISA_USAGE = YES_ERROR;
				CLANG_WARN_DOCUMENTATION_COMMENTS = YES;
				CLANG_WARN_EMPTY_BODY = YES;
				CLANG_WARN_ENUM_CONVERSION = YES;
				CLANG_WARN_INFINITE_RECURSION = YES;
				CLANG_WARN_INT_CONVERSION = YES;
				CLANG_WARN_NON_LITERAL_NULL_CONVERSION = YES;
				CLANG_WARN_OBJC_IMPLICIT_RETAIN_SELF = YES;
				CLANG_WARN_OBJC_LITERAL_CONVERSION = YES;
				CLANG_WARN_OBJC_ROOT_CLASS = YES_ERROR;
				CLANG_WARN_QUOTED_INCLUDE_IN_FRAMEWORK_HEADER = YES;
				CLANG_WARN_RANGE_LOOP_ANALYSIS = YES;
				CLANG_WARN_STRICT_PROTOTYPES = YES;
				CLANG_WARN_SUSPICIOUS_MOVE = YES;
				CLANG_WARN_UNGUARDED_AVAILABILITY = YES_AGGRESSIVE;
				CLANG_WARN_UNREACHABLE_CODE = YES;
				CLANG_WARN__DUPLICATE_METHOD_MATCH = YES;
				COPY_PHASE_STRIP = NO;
				DEBUG_INFORMATION_FORMAT = "dwarf-with-dsym";
				ENABLE_NS_ASSERTIONS = NO;
				ENABLE_STRICT_OBJC_MSGSEND = YES;
				ENABLE_USER_SCRIPT_SANDBOXING = YES;
				GCC_C_LANGUAGE_STANDARD = gnu17;
				GCC_NO_COMMON_BLOCKS = YES;
				GCC_WARN_64_TO_32_BIT_CONVERSION = YES;
				GCC_WARN_ABOUT_RETURN_TYPE = YES_ERROR;
				GCC_WARN_UNDECLARED_SELECTOR = YES;
				GCC_WARN_UNINITIALIZED_AUTOS = YES_AGGRESSIVE;
				GCC_WARN_UNUSED_FUNCTION = YES;
				GCC_WARN_UNUSED_VARIABLE = YES;
				IPHONEOS_DEPLOYMENT_TARGET = 17.5;
				LOCALIZATION_PREFERS_STRING_CATALOGS = YES;
				MTL_ENABLE_DEBUG_INFO = NO;
				MTL_FAST_MATH = YES;
				SDKROOT = iphoneos;
				SWIFT_COMPILATION_MODE = wholemodule;
				VALIDATE_PRODUCT = YES;
			};
			name = Release;
		};
		F116401C2C8A8A300040C95D /* Debug */ = {
			isa = XCBuildConfiguration;
			buildSettings = {
				ASSETCATALOG_COMPILER_APPICON_NAME = AppIcon;
				ASSETCATALOG_COMPILER_GLOBAL_ACCENT_COLOR_NAME = AccentColor;
				CODE_SIGN_STYLE = Automatic;
				CURRENT_PROJECT_VERSION = 1;
				DEVELOPMENT_ASSET_PATHS = "\"Camino/Preview Content\"";
				DEVELOPMENT_TEAM = GLA5VE8QGB;
				ENABLE_PREVIEWS = YES;
				GENERATE_INFOPLIST_FILE = YES;
				INFOPLIST_FILE = Camino/Info.plist;
				INFOPLIST_KEY_UIApplicationSceneManifest_Generation = YES;
				INFOPLIST_KEY_UIApplicationSupportsIndirectInputEvents = YES;
				INFOPLIST_KEY_UILaunchScreen_Generation = YES;
				INFOPLIST_KEY_UISupportedInterfaceOrientations = UIInterfaceOrientationPortrait;
				INFOPLIST_KEY_UISupportedInterfaceOrientations_iPad = "UIInterfaceOrientationLandscapeLeft UIInterfaceOrientationLandscapeRight UIInterfaceOrientationPortrait UIInterfaceOrientationPortraitUpsideDown";
				IPHONEOS_DEPLOYMENT_TARGET = 18.0;
				LD_RUNPATH_SEARCH_PATHS = (
					"$(inherited)",
					"@executable_path/Frameworks",
				);
				MARKETING_VERSION = 1.0;
				PRODUCT_BUNDLE_IDENTIFIER = owenevey.Camino;
				PRODUCT_NAME = "$(TARGET_NAME)";
				SWIFT_EMIT_LOC_STRINGS = YES;
				SWIFT_VERSION = 5.0;
				TARGETED_DEVICE_FAMILY = "1,2";
			};
			name = Debug;
		};
		F116401D2C8A8A300040C95D /* Release */ = {
			isa = XCBuildConfiguration;
			buildSettings = {
				ASSETCATALOG_COMPILER_APPICON_NAME = AppIcon;
				ASSETCATALOG_COMPILER_GLOBAL_ACCENT_COLOR_NAME = AccentColor;
				CODE_SIGN_STYLE = Automatic;
				CURRENT_PROJECT_VERSION = 1;
				DEVELOPMENT_ASSET_PATHS = "\"Camino/Preview Content\"";
				DEVELOPMENT_TEAM = GLA5VE8QGB;
				ENABLE_PREVIEWS = YES;
				GENERATE_INFOPLIST_FILE = YES;
				INFOPLIST_FILE = Camino/Info.plist;
				INFOPLIST_KEY_UIApplicationSceneManifest_Generation = YES;
				INFOPLIST_KEY_UIApplicationSupportsIndirectInputEvents = YES;
				INFOPLIST_KEY_UILaunchScreen_Generation = YES;
				INFOPLIST_KEY_UISupportedInterfaceOrientations = UIInterfaceOrientationPortrait;
				INFOPLIST_KEY_UISupportedInterfaceOrientations_iPad = "UIInterfaceOrientationLandscapeLeft UIInterfaceOrientationLandscapeRight UIInterfaceOrientationPortrait UIInterfaceOrientationPortraitUpsideDown";
				IPHONEOS_DEPLOYMENT_TARGET = 18.0;
				LD_RUNPATH_SEARCH_PATHS = (
					"$(inherited)",
					"@executable_path/Frameworks",
				);
				MARKETING_VERSION = 1.0;
				PRODUCT_BUNDLE_IDENTIFIER = owenevey.Camino;
				PRODUCT_NAME = "$(TARGET_NAME)";
				SWIFT_EMIT_LOC_STRINGS = YES;
				SWIFT_VERSION = 5.0;
				TARGETED_DEVICE_FAMILY = "1,2";
			};
			name = Release;
		};
/* End XCBuildConfiguration section */

/* Begin XCConfigurationList section */
		F11640082C8A8A2F0040C95D /* Build configuration list for PBXProject "Camino" */ = {
			isa = XCConfigurationList;
			buildConfigurations = (
				F11640192C8A8A300040C95D /* Debug */,
				F116401A2C8A8A300040C95D /* Release */,
			);
			defaultConfigurationIsVisible = 0;
			defaultConfigurationName = Release;
		};
		F116401B2C8A8A300040C95D /* Build configuration list for PBXNativeTarget "Camino" */ = {
			isa = XCConfigurationList;
			buildConfigurations = (
				F116401C2C8A8A300040C95D /* Debug */,
				F116401D2C8A8A300040C95D /* Release */,
			);
			defaultConfigurationIsVisible = 0;
			defaultConfigurationName = Release;
		};
/* End XCConfigurationList section */
	};
	rootObject = F11640052C8A8A2F0040C95D /* Project object */;
}
