// !$*UTF8*$!
{
	archiveVersion = 1;
	classes = {
	};
	objectVersion = 56;
	objects = {

/* Begin PBXBuildFile section */
		F11640112C8A8A2F0040C95D /* CaminoApp.swift in Sources */ = {isa = PBXBuildFile; fileRef = F11640102C8A8A2F0040C95D /* CaminoApp.swift */; };
		F11640132C8A8A2F0040C95D /* ContentView.swift in Sources */ = {isa = PBXBuildFile; fileRef = F11640122C8A8A2F0040C95D /* ContentView.swift */; };
		F11640152C8A8A300040C95D /* Assets.xcassets in Resources */ = {isa = PBXBuildFile; fileRef = F11640142C8A8A300040C95D /* Assets.xcassets */; };
		F11640182C8A8A300040C95D /* Preview Assets.xcassets in Resources */ = {isa = PBXBuildFile; fileRef = F11640172C8A8A300040C95D /* Preview Assets.xcassets */; };
		F11640202C8AAA610040C95D /* ExploreView.swift in Sources */ = {isa = PBXBuildFile; fileRef = F116401F2C8AAA610040C95D /* ExploreView.swift */; };
		F11640222C8BA8270040C95D /* TripsView.swift in Sources */ = {isa = PBXBuildFile; fileRef = F11640212C8BA8270040C95D /* TripsView.swift */; };
		F11640242C8BAD140040C95D /* ExplorePills.swift in Sources */ = {isa = PBXBuildFile; fileRef = F11640232C8BAD140040C95D /* ExplorePills.swift */; };
		F11640262C8BB4F00040C95D /* SuggestedPlaces.swift in Sources */ = {isa = PBXBuildFile; fileRef = F11640252C8BB4F00040C95D /* SuggestedPlaces.swift */; };
		F11640282C8BEABD0040C95D /* CustomClasses.swift in Sources */ = {isa = PBXBuildFile; fileRef = F11640272C8BEABD0040C95D /* CustomClasses.swift */; };
		F116402A2C8BFA7E0040C95D /* FlightDeals.swift in Sources */ = {isa = PBXBuildFile; fileRef = F11640292C8BFA7E0040C95D /* FlightDeals.swift */; };
		F116402C2C8C274E0040C95D /* ExploreHeader.swift in Sources */ = {isa = PBXBuildFile; fileRef = F116402B2C8C274E0040C95D /* ExploreHeader.swift */; };
		F116402E2C8C2F3E0040C95D /* PlaceCard.swift in Sources */ = {isa = PBXBuildFile; fileRef = F116402D2C8C2F3E0040C95D /* PlaceCard.swift */; };
		F11640302C8C31E70040C95D /* PopularSports.swift in Sources */ = {isa = PBXBuildFile; fileRef = F116402F2C8C31E70040C95D /* PopularSports.swift */; };
		F11640322C8C32270040C95D /* GameCard.swift in Sources */ = {isa = PBXBuildFile; fileRef = F11640312C8C32270040C95D /* GameCard.swift */; };
/* End PBXBuildFile section */

/* Begin PBXFileReference section */
		F116400D2C8A8A2F0040C95D /* Camino.app */ = {isa = PBXFileReference; explicitFileType = wrapper.application; includeInIndex = 0; path = Camino.app; sourceTree = BUILT_PRODUCTS_DIR; };
		F11640102C8A8A2F0040C95D /* CaminoApp.swift */ = {isa = PBXFileReference; lastKnownFileType = sourcecode.swift; path = CaminoApp.swift; sourceTree = "<group>"; };
		F11640122C8A8A2F0040C95D /* ContentView.swift */ = {isa = PBXFileReference; lastKnownFileType = sourcecode.swift; path = ContentView.swift; sourceTree = "<group>"; };
		F11640142C8A8A300040C95D /* Assets.xcassets */ = {isa = PBXFileReference; lastKnownFileType = folder.assetcatalog; path = Assets.xcassets; sourceTree = "<group>"; };
		F11640172C8A8A300040C95D /* Preview Assets.xcassets */ = {isa = PBXFileReference; lastKnownFileType = folder.assetcatalog; path = "Preview Assets.xcassets"; sourceTree = "<group>"; };
		F116401F2C8AAA610040C95D /* ExploreView.swift */ = {isa = PBXFileReference; lastKnownFileType = sourcecode.swift; path = ExploreView.swift; sourceTree = "<group>"; };
		F11640212C8BA8270040C95D /* TripsView.swift */ = {isa = PBXFileReference; lastKnownFileType = sourcecode.swift; path = TripsView.swift; sourceTree = "<group>"; };
		F11640232C8BAD140040C95D /* ExplorePills.swift */ = {isa = PBXFileReference; lastKnownFileType = sourcecode.swift; path = ExplorePills.swift; sourceTree = "<group>"; };
		F11640252C8BB4F00040C95D /* SuggestedPlaces.swift */ = {isa = PBXFileReference; lastKnownFileType = sourcecode.swift; path = SuggestedPlaces.swift; sourceTree = "<group>"; };
		F11640272C8BEABD0040C95D /* CustomClasses.swift */ = {isa = PBXFileReference; lastKnownFileType = sourcecode.swift; path = CustomClasses.swift; sourceTree = "<group>"; };
		F11640292C8BFA7E0040C95D /* FlightDeals.swift */ = {isa = PBXFileReference; lastKnownFileType = sourcecode.swift; path = FlightDeals.swift; sourceTree = "<group>"; };
		F116402B2C8C274E0040C95D /* ExploreHeader.swift */ = {isa = PBXFileReference; lastKnownFileType = sourcecode.swift; path = ExploreHeader.swift; sourceTree = "<group>"; };
		F116402D2C8C2F3E0040C95D /* PlaceCard.swift */ = {isa = PBXFileReference; lastKnownFileType = sourcecode.swift; path = PlaceCard.swift; sourceTree = "<group>"; };
		F116402F2C8C31E70040C95D /* PopularSports.swift */ = {isa = PBXFileReference; lastKnownFileType = sourcecode.swift; path = PopularSports.swift; sourceTree = "<group>"; };
		F11640312C8C32270040C95D /* GameCard.swift */ = {isa = PBXFileReference; lastKnownFileType = sourcecode.swift; path = GameCard.swift; sourceTree = "<group>"; };
/* End PBXFileReference section */

/* Begin PBXFrameworksBuildPhase section */
		F116400A2C8A8A2F0040C95D /* Frameworks */ = {
			isa = PBXFrameworksBuildPhase;
			buildActionMask = 2147483647;
			files = (
			);
			runOnlyForDeploymentPostprocessing = 0;
		};
/* End PBXFrameworksBuildPhase section */

/* Begin PBXGroup section */
		F11640042C8A8A2F0040C95D = {
			isa = PBXGroup;
			children = (
				F116400F2C8A8A2F0040C95D /* Camino */,
				F116400E2C8A8A2F0040C95D /* Products */,
			);
			sourceTree = "<group>";
		};
		F116400E2C8A8A2F0040C95D /* Products */ = {
			isa = PBXGroup;
			children = (
				F116400D2C8A8A2F0040C95D /* Camino.app */,
			);
			name = Products;
			sourceTree = "<group>";
		};
		F116400F2C8A8A2F0040C95D /* Camino */ = {
			isa = PBXGroup;
			children = (
				F116401E2C8AAA2C0040C95D /* BottomTabs */,
				F11640102C8A8A2F0040C95D /* CaminoApp.swift */,
				F11640122C8A8A2F0040C95D /* ContentView.swift */,
				F11640142C8A8A300040C95D /* Assets.xcassets */,
				F11640162C8A8A300040C95D /* Preview Content */,
				F11640232C8BAD140040C95D /* ExplorePills.swift */,
				F116402B2C8C274E0040C95D /* ExploreHeader.swift */,
				F11640252C8BB4F00040C95D /* SuggestedPlaces.swift */,
				F116402F2C8C31E70040C95D /* PopularSports.swift */,
				F11640312C8C32270040C95D /* GameCard.swift */,
				F116402D2C8C2F3E0040C95D /* PlaceCard.swift */,
				F11640292C8BFA7E0040C95D /* FlightDeals.swift */,
				F11640272C8BEABD0040C95D /* CustomClasses.swift */,
			);
			path = Camino;
			sourceTree = "<group>";
		};
		F11640162C8A8A300040C95D /* Preview Content */ = {
			isa = PBXGroup;
			children = (
				F11640172C8A8A300040C95D /* Preview Assets.xcassets */,
			);
			path = "Preview Content";
			sourceTree = "<group>";
		};
		F116401E2C8AAA2C0040C95D /* BottomTabs */ = {
			isa = PBXGroup;
			children = (
				F116401F2C8AAA610040C95D /* ExploreView.swift */,
				F11640212C8BA8270040C95D /* TripsView.swift */,
			);
			path = BottomTabs;
			sourceTree = "<group>";
		};
/* End PBXGroup section */

/* Begin PBXNativeTarget section */
		F116400C2C8A8A2F0040C95D /* Camino */ = {
			isa = PBXNativeTarget;
			buildConfigurationList = F116401B2C8A8A300040C95D /* Build configuration list for PBXNativeTarget "Camino" */;
			buildPhases = (
				F11640092C8A8A2F0040C95D /* Sources */,
				F116400A2C8A8A2F0040C95D /* Frameworks */,
				F116400B2C8A8A2F0040C95D /* Resources */,
			);
			buildRules = (
			);
			dependencies = (
			);
			name = Camino;
			productName = Camino;
			productReference = F116400D2C8A8A2F0040C95D /* Camino.app */;
			productType = "com.apple.product-type.application";
		};
/* End PBXNativeTarget section */

/* Begin PBXProject section */
		F11640052C8A8A2F0040C95D /* Project object */ = {
			isa = PBXProject;
			attributes = {
				BuildIndependentTargetsInParallel = 1;
				LastSwiftUpdateCheck = 1540;
				LastUpgradeCheck = 1540;
				TargetAttributes = {
					F116400C2C8A8A2F0040C95D = {
						CreatedOnToolsVersion = 15.4;
					};
				};
			};
			buildConfigurationList = F11640082C8A8A2F0040C95D /* Build configuration list for PBXProject "Camino" */;
			compatibilityVersion = "Xcode 14.0";
			developmentRegion = en;
			hasScannedForEncodings = 0;
			knownRegions = (
				en,
				Base,
			);
			mainGroup = F11640042C8A8A2F0040C95D;
			productRefGroup = F116400E2C8A8A2F0040C95D /* Products */;
			projectDirPath = "";
			projectRoot = "";
			targets = (
				F116400C2C8A8A2F0040C95D /* Camino */,
			);
		};
/* End PBXProject section */

/* Begin PBXResourcesBuildPhase section */
		F116400B2C8A8A2F0040C95D /* Resources */ = {
			isa = PBXResourcesBuildPhase;
			buildActionMask = 2147483647;
			files = (
				F11640182C8A8A300040C95D /* Preview Assets.xcassets in Resources */,
				F11640152C8A8A300040C95D /* Assets.xcassets in Resources */,
			);
			runOnlyForDeploymentPostprocessing = 0;
		};
/* End PBXResourcesBuildPhase section */

/* Begin PBXSourcesBuildPhase section */
		F11640092C8A8A2F0040C95D /* Sources */ = {
			isa = PBXSourcesBuildPhase;
			buildActionMask = 2147483647;
			files = (
				F116402C2C8C274E0040C95D /* ExploreHeader.swift in Sources */,
				F11640322C8C32270040C95D /* GameCard.swift in Sources */,
				F11640132C8A8A2F0040C95D /* ContentView.swift in Sources */,
				F11640302C8C31E70040C95D /* PopularSports.swift in Sources */,
				F116402A2C8BFA7E0040C95D /* FlightDeals.swift in Sources */,
				F11640202C8AAA610040C95D /* ExploreView.swift in Sources */,
				F11640282C8BEABD0040C95D /* CustomClasses.swift in Sources */,
				F11640262C8BB4F00040C95D /* SuggestedPlaces.swift in Sources */,
				F11640242C8BAD140040C95D /* ExplorePills.swift in Sources */,
				F116402E2C8C2F3E0040C95D /* PlaceCard.swift in Sources */,
				F11640112C8A8A2F0040C95D /* CaminoApp.swift in Sources */,
				F11640222C8BA8270040C95D /* TripsView.swift in Sources */,
			);
			runOnlyForDeploymentPostprocessing = 0;
		};
/* End PBXSourcesBuildPhase section */

/* Begin XCBuildConfiguration section */
		F11640192C8A8A300040C95D /* Debug */ = {
			isa = XCBuildConfiguration;
			buildSettings = {
				ALWAYS_SEARCH_USER_PATHS = NO;
				ASSETCATALOG_COMPILER_GENERATE_SWIFT_ASSET_SYMBOL_EXTENSIONS = YES;
				CLANG_ANALYZER_NONNULL = YES;
				CLANG_ANALYZER_NUMBER_OBJECT_CONVERSION = YES_AGGRESSIVE;
				CLANG_CXX_LANGUAGE_STANDARD = "gnu++20";
				CLANG_ENABLE_MODULES = YES;
				CLANG_ENABLE_OBJC_ARC = YES;
				CLANG_ENABLE_OBJC_WEAK = YES;
				CLANG_WARN_BLOCK_CAPTURE_AUTORELEASING = YES;
				CLANG_WARN_BOOL_CONVERSION = YES;
				CLANG_WARN_COMMA = YES;
				CLANG_WARN_CONSTANT_CONVERSION = YES;
				CLANG_WARN_DEPRECATED_OBJC_IMPLEMENTATIONS = YES;
				CLANG_WARN_DIRECT_OBJC_ISA_USAGE = YES_ERROR;
				CLANG_WARN_DOCUMENTATION_COMMENTS = YES;
				CLANG_WARN_EMPTY_BODY = YES;
				CLANG_WARN_ENUM_CONVERSION = YES;
				CLANG_WARN_INFINITE_RECURSION = YES;
				CLANG_WARN_INT_CONVERSION = YES;
				CLANG_WARN_NON_LITERAL_NULL_CONVERSION = YES;
				CLANG_WARN_OBJC_IMPLICIT_RETAIN_SELF = YES;
				CLANG_WARN_OBJC_LITERAL_CONVERSION = YES;
				CLANG_WARN_OBJC_ROOT_CLASS = YES_ERROR;
				CLANG_WARN_QUOTED_INCLUDE_IN_FRAMEWORK_HEADER = YES;
				CLANG_WARN_RANGE_LOOP_ANALYSIS = YES;
				CLANG_WARN_STRICT_PROTOTYPES = YES;
				CLANG_WARN_SUSPICIOUS_MOVE = YES;
				CLANG_WARN_UNGUARDED_AVAILABILITY = YES_AGGRESSIVE;
				CLANG_WARN_UNREACHABLE_CODE = YES;
				CLANG_WARN__DUPLICATE_METHOD_MATCH = YES;
				COPY_PHASE_STRIP = NO;
				DEBUG_INFORMATION_FORMAT = dwarf;
				ENABLE_STRICT_OBJC_MSGSEND = YES;
				ENABLE_TESTABILITY = YES;
				ENABLE_USER_SCRIPT_SANDBOXING = YES;
				GCC_C_LANGUAGE_STANDARD = gnu17;
				GCC_DYNAMIC_NO_PIC = NO;
				GCC_NO_COMMON_BLOCKS = YES;
				GCC_OPTIMIZATION_LEVEL = 0;
				GCC_PREPROCESSOR_DEFINITIONS = (
					"DEBUG=1",
					"$(inherited)",
				);
				GCC_WARN_64_TO_32_BIT_CONVERSION = YES;
				GCC_WARN_ABOUT_RETURN_TYPE = YES_ERROR;
				GCC_WARN_UNDECLARED_SELECTOR = YES;
				GCC_WARN_UNINITIALIZED_AUTOS = YES_AGGRESSIVE;
				GCC_WARN_UNUSED_FUNCTION = YES;
				GCC_WARN_UNUSED_VARIABLE = YES;
				IPHONEOS_DEPLOYMENT_TARGET = 17.5;
				LOCALIZATION_PREFERS_STRING_CATALOGS = YES;
				MTL_ENABLE_DEBUG_INFO = INCLUDE_SOURCE;
				MTL_FAST_MATH = YES;
				ONLY_ACTIVE_ARCH = YES;
				SDKROOT = iphoneos;
				SWIFT_ACTIVE_COMPILATION_CONDITIONS = "DEBUG $(inherited)";
				SWIFT_OPTIMIZATION_LEVEL = "-Onone";
			};
			name = Debug;
		};
		F116401A2C8A8A300040C95D /* Release */ = {
			isa = XCBuildConfiguration;
			buildSettings = {
				ALWAYS_SEARCH_USER_PATHS = NO;
				ASSETCATALOG_COMPILER_GENERATE_SWIFT_ASSET_SYMBOL_EXTENSIONS = YES;
				CLANG_ANALYZER_NONNULL = YES;
				CLANG_ANALYZER_NUMBER_OBJECT_CONVERSION = YES_AGGRESSIVE;
				CLANG_CXX_LANGUAGE_STANDARD = "gnu++20";
				CLANG_ENABLE_MODULES = YES;
				CLANG_ENABLE_OBJC_ARC = YES;
				CLANG_ENABLE_OBJC_WEAK = YES;
				CLANG_WARN_BLOCK_CAPTURE_AUTORELEASING = YES;
				CLANG_WARN_BOOL_CONVERSION = YES;
				CLANG_WARN_COMMA = YES;
				CLANG_WARN_CONSTANT_CONVERSION = YES;
				CLANG_WARN_DEPRECATED_OBJC_IMPLEMENTATIONS = YES;
				CLANG_WARN_DIRECT_OBJC_ISA_USAGE = YES_ERROR;
				CLANG_WARN_DOCUMENTATION_COMMENTS = YES;
				CLANG_WARN_EMPTY_BODY = YES;
				CLANG_WARN_ENUM_CONVERSION = YES;
				CLANG_WARN_INFINITE_RECURSION = YES;
				CLANG_WARN_INT_CONVERSION = YES;
				CLANG_WARN_NON_LITERAL_NULL_CONVERSION = YES;
				CLANG_WARN_OBJC_IMPLICIT_RETAIN_SELF = YES;
				CLANG_WARN_OBJC_LITERAL_CONVERSION = YES;
				CLANG_WARN_OBJC_ROOT_CLASS = YES_ERROR;
				CLANG_WARN_QUOTED_INCLUDE_IN_FRAMEWORK_HEADER = YES;
				CLANG_WARN_RANGE_LOOP_ANALYSIS = YES;
				CLANG_WARN_STRICT_PROTOTYPES = YES;
				CLANG_WARN_SUSPICIOUS_MOVE = YES;
				CLANG_WARN_UNGUARDED_AVAILABILITY = YES_AGGRESSIVE;
				CLANG_WARN_UNREACHABLE_CODE = YES;
				CLANG_WARN__DUPLICATE_METHOD_MATCH = YES;
				COPY_PHASE_STRIP = NO;
				DEBUG_INFORMATION_FORMAT = "dwarf-with-dsym";
				ENABLE_NS_ASSERTIONS = NO;
				ENABLE_STRICT_OBJC_MSGSEND = YES;
				ENABLE_USER_SCRIPT_SANDBOXING = YES;
				GCC_C_LANGUAGE_STANDARD = gnu17;
				GCC_NO_COMMON_BLOCKS = YES;
				GCC_WARN_64_TO_32_BIT_CONVERSION = YES;
				GCC_WARN_ABOUT_RETURN_TYPE = YES_ERROR;
				GCC_WARN_UNDECLARED_SELECTOR = YES;
				GCC_WARN_UNINITIALIZED_AUTOS = YES_AGGRESSIVE;
				GCC_WARN_UNUSED_FUNCTION = YES;
				GCC_WARN_UNUSED_VARIABLE = YES;
				IPHONEOS_DEPLOYMENT_TARGET = 17.5;
				LOCALIZATION_PREFERS_STRING_CATALOGS = YES;
				MTL_ENABLE_DEBUG_INFO = NO;
				MTL_FAST_MATH = YES;
				SDKROOT = iphoneos;
				SWIFT_COMPILATION_MODE = wholemodule;
				VALIDATE_PRODUCT = YES;
			};
			name = Release;
		};
		F116401C2C8A8A300040C95D /* Debug */ = {
			isa = XCBuildConfiguration;
			buildSettings = {
				ASSETCATALOG_COMPILER_APPICON_NAME = AppIcon;
				ASSETCATALOG_COMPILER_GLOBAL_ACCENT_COLOR_NAME = AccentColor;
				CODE_SIGN_STYLE = Automatic;
				CURRENT_PROJECT_VERSION = 1;
				DEVELOPMENT_ASSET_PATHS = "\"Camino/Preview Content\"";
				DEVELOPMENT_TEAM = GLA5VE8QGB;
				ENABLE_PREVIEWS = YES;
				GENERATE_INFOPLIST_FILE = YES;
				INFOPLIST_KEY_UIApplicationSceneManifest_Generation = YES;
				INFOPLIST_KEY_UIApplicationSupportsIndirectInputEvents = YES;
				INFOPLIST_KEY_UILaunchScreen_Generation = YES;
				INFOPLIST_KEY_UISupportedInterfaceOrientations_iPad = "UIInterfaceOrientationPortrait UIInterfaceOrientationPortraitUpsideDown UIInterfaceOrientationLandscapeLeft UIInterfaceOrientationLandscapeRight";
				INFOPLIST_KEY_UISupportedInterfaceOrientations_iPhone = "UIInterfaceOrientationPortrait UIInterfaceOrientationLandscapeLeft UIInterfaceOrientationLandscapeRight";
				LD_RUNPATH_SEARCH_PATHS = (
					"$(inherited)",
					"@executable_path/Frameworks",
				);
				MARKETING_VERSION = 1.0;
				PRODUCT_BUNDLE_IDENTIFIER = owenevey.Camino;
				PRODUCT_NAME = "$(TARGET_NAME)";
				SWIFT_EMIT_LOC_STRINGS = YES;
				SWIFT_VERSION = 5.0;
				TARGETED_DEVICE_FAMILY = "1,2";
			};
			name = Debug;
		};
		F116401D2C8A8A300040C95D /* Release */ = {
			isa = XCBuildConfiguration;
			buildSettings = {
				ASSETCATALOG_COMPILER_APPICON_NAME = AppIcon;
				ASSETCATALOG_COMPILER_GLOBAL_ACCENT_COLOR_NAME = AccentColor;
				CODE_SIGN_STYLE = Automatic;
				CURRENT_PROJECT_VERSION = 1;
				DEVELOPMENT_ASSET_PATHS = "\"Camino/Preview Content\"";
				DEVELOPMENT_TEAM = GLA5VE8QGB;
				ENABLE_PREVIEWS = YES;
				GENERATE_INFOPLIST_FILE = YES;
				INFOPLIST_KEY_UIApplicationSceneManifest_Generation = YES;
				INFOPLIST_KEY_UIApplicationSupportsIndirectInputEvents = YES;
				INFOPLIST_KEY_UILaunchScreen_Generation = YES;
				INFOPLIST_KEY_UISupportedInterfaceOrientations_iPad = "UIInterfaceOrientationPortrait UIInterfaceOrientationPortraitUpsideDown UIInterfaceOrientationLandscapeLeft UIInterfaceOrientationLandscapeRight";
				INFOPLIST_KEY_UISupportedInterfaceOrientations_iPhone = "UIInterfaceOrientationPortrait UIInterfaceOrientationLandscapeLeft UIInterfaceOrientationLandscapeRight";
				LD_RUNPATH_SEARCH_PATHS = (
					"$(inherited)",
					"@executable_path/Frameworks",
				);
				MARKETING_VERSION = 1.0;
				PRODUCT_BUNDLE_IDENTIFIER = owenevey.Camino;
				PRODUCT_NAME = "$(TARGET_NAME)";
				SWIFT_EMIT_LOC_STRINGS = YES;
				SWIFT_VERSION = 5.0;
				TARGETED_DEVICE_FAMILY = "1,2";
			};
			name = Release;
		};
/* End XCBuildConfiguration section */

/* Begin XCConfigurationList section */
		F11640082C8A8A2F0040C95D /* Build configuration list for PBXProject "Camino" */ = {
			isa = XCConfigurationList;
			buildConfigurations = (
				F11640192C8A8A300040C95D /* Debug */,
				F116401A2C8A8A300040C95D /* Release */,
			);
			defaultConfigurationIsVisible = 0;
			defaultConfigurationName = Release;
		};
		F116401B2C8A8A300040C95D /* Build configuration list for PBXNativeTarget "Camino" */ = {
			isa = XCConfigurationList;
			buildConfigurations = (
				F116401C2C8A8A300040C95D /* Debug */,
				F116401D2C8A8A300040C95D /* Release */,
			);
			defaultConfigurationIsVisible = 0;
			defaultConfigurationName = Release;
		};
/* End XCConfigurationList section */
	};
	rootObject = F11640052C8A8A2F0040C95D /* Project object */;
}
